
Microsoft Visual Studio Solution File, Format Version 12.00
# Visual Studio Version 16
VisualStudioVersion = 16.0.31105.61
MinimumVisualStudioVersion = 10.0.40219.1
Project("{FAE04EC0-301F-11D3-BF4B-00C04F79EFBC}") = "UdemyCsharp", "UdemyCsharp\UdemyCsharp.csproj", "{89DB9C47-50A1-4106-9C9A-01CDEF3215B2}"
EndProject
Global
	GlobalSection(SolutionConfigurationPlatforms) = preSolution
		Debug|Any CPU = Debug|Any CPU
		Release|Any CPU = Release|Any CPU
	EndGlobalSection
	GlobalSection(ProjectConfigurationPlatforms) = postSolution
		{89DB9C47-50A1-4106-9C9A-01CDEF3215B2}.Debug|Any CPU.ActiveCfg = Debug|Any CPU
		{89DB9C47-50A1-4106-9C9A-01CDEF3215B2}.Debug|Any CPU.Build.0 = Debug|Any CPU
		{89DB9C47-50A1-4106-9C9A-01CDEF3215B2}.Release|Any CPU.ActiveCfg = Release|Any CPU
		{89DB9C47-50A1-4106-9C9A-01CDEF3215B2}.Release|Any CPU.Build.0 = Release|Any CPU
	EndGlobalSection
	GlobalSection(SolutionProperties) = preSolution
		HideSolutionNode = FALSE
	EndGlobalSection
	GlobalSection(ExtensibilityGlobals) = postSolution
		SolutionGuid = {0400E1F1-6D7F-407E-B20C-2F1797F5098E}
	EndGlobalSection
EndGlobal
